// !$*UTF8*$!
{
	archiveVersion = 1;
	classes = {
	};
	objectVersion = 46;
	objects = {

/* Begin PBXBuildFile section */
		0C34638F1C6F89B30086D3CC /* GameNumberCell.swift in Sources */ = {isa = PBXBuildFile; fileRef = 0C34638E1C6F89B30086D3CC /* GameNumberCell.swift */; };
		0C3463931C6F8C340086D3CC /* Pairing.swift in Sources */ = {isa = PBXBuildFile; fileRef = 0C3463921C6F8C340086D3CC /* Pairing.swift */; };
		0C392BC71D65E1D800294ACC /* SourceSansPro-Semibold.otf in Resources */ = {isa = PBXBuildFile; fileRef = 0C392BC61D65E1D400294ACC /* SourceSansPro-Semibold.otf */; };
		0C392BC91D65E24600294ACC /* SourceSansPro-Regular.otf in Resources */ = {isa = PBXBuildFile; fileRef = 0C392BC81D65E23500294ACC /* SourceSansPro-Regular.otf */; };
		0C39D3081D3AB48B0047CE74 /* UIScrollView.swift in Sources */ = {isa = PBXBuildFile; fileRef = 0C39D3071D3AB48B0047CE74 /* UIScrollView.swift */; };
		0C39D30A1D3BC3B90047CE74 /* Grid.swift in Sources */ = {isa = PBXBuildFile; fileRef = 0C39D3091D3BC3B90047CE74 /* Grid.swift */; };
		0C4F12611D65C58000AAEB54 /* RuleHeader.swift in Sources */ = {isa = PBXBuildFile; fileRef = 0C4F12601D65C58000AAEB54 /* RuleHeader.swift */; };
		0C68BE7E1D3A4B3A00A6ACDC /* Instructions.swift in Sources */ = {isa = PBXBuildFile; fileRef = 0C68BE7D1D3A4B3A00A6ACDC /* Instructions.swift */; };
		0C69CE4B1C6DCABA002E0D29 /* Number.swift in Sources */ = {isa = PBXBuildFile; fileRef = 0C69CE4A1C6DCABA002E0D29 /* Number.swift */; };
		0C69CE4E1C6DCDE9002E0D29 /* Array.swift in Sources */ = {isa = PBXBuildFile; fileRef = 0C69CE4D1C6DCDE9002E0D29 /* Array.swift */; };
		0C70C3FB1D7186F400A9E8B8 /* SoundService.swift in Sources */ = {isa = PBXBuildFile; fileRef = 0C70C3FA1D7186F400A9E8B8 /* SoundService.swift */; };
		0C70C4011D71B4B700A9E8B8 /* SourceSansPro-It.otf in Resources */ = {isa = PBXBuildFile; fileRef = 0C70C4001D71B49F00A9E8B8 /* SourceSansPro-It.otf */; };
		0C70C4031D71B4D200A9E8B8 /* InstructionsFooter.swift in Sources */ = {isa = PBXBuildFile; fileRef = 0C70C4021D71B4D200A9E8B8 /* InstructionsFooter.swift */; };
		0C710E221D66012B0047F391 /* SwiftyJSON.framework in Frameworks */ = {isa = PBXBuildFile; fileRef = 0C710E211D66012B0047F391 /* SwiftyJSON.framework */; };
		0C710E261D6721DA0047F391 /* RuleExampleGrid.swift in Sources */ = {isa = PBXBuildFile; fileRef = 0C710E251D6721DA0047F391 /* RuleExampleGrid.swift */; };
		0C738ADB1C69D811007C9548 /* AppDelegate.swift in Sources */ = {isa = PBXBuildFile; fileRef = 0C738ADA1C69D811007C9548 /* AppDelegate.swift */; };
		0C738ADD1C69D811007C9548 /* Play.swift in Sources */ = {isa = PBXBuildFile; fileRef = 0C738ADC1C69D811007C9548 /* Play.swift */; };
		0C738AE21C69D811007C9548 /* Assets.xcassets in Resources */ = {isa = PBXBuildFile; fileRef = 0C738AE11C69D811007C9548 /* Assets.xcassets */; };
		0C90AE9E1C6C7F1D00E1E42E /* PureLayout.framework in Frameworks */ = {isa = PBXBuildFile; fileRef = 0C90AE9D1C6C7F1D00E1E42E /* PureLayout.framework */; };
		0C90AEA01C6C7FDF00E1E42E /* UIFont+Theme.swift in Sources */ = {isa = PBXBuildFile; fileRef = 0C90AE9F1C6C7FDF00E1E42E /* UIFont+Theme.swift */; };
		0C90AEA51C6D1B0700E1E42E /* GameGrid.swift in Sources */ = {isa = PBXBuildFile; fileRef = 0C90AEA41C6D1B0700E1E42E /* GameGrid.swift */; };
		0C90AEA71C6D1BCF00E1E42E /* Game.swift in Sources */ = {isa = PBXBuildFile; fileRef = 0C90AEA61C6D1BCF00E1E42E /* Game.swift */; };
		0CA050A81C6B23D9006A42B9 /* UIColor+Theme.swift in Sources */ = {isa = PBXBuildFile; fileRef = 0CA050A71C6B23D9006A42B9 /* UIColor+Theme.swift */; };
		0CADBDF21D6C50CB0090C13F /* Launch Screen.storyboard in Resources */ = {isa = PBXBuildFile; fileRef = 0CADBDF11D6C50CB0090C13F /* Launch Screen.storyboard */; };
		0CADBDF41D6C65110090C13F /* Notification.swift in Sources */ = {isa = PBXBuildFile; fileRef = 0CADBDF31D6C65110090C13F /* Notification.swift */; };
		0CADBDF61D6D92850090C13F /* GameFinished.swift in Sources */ = {isa = PBXBuildFile; fileRef = 0CADBDF51D6D92850090C13F /* GameFinished.swift */; };
		0CB109341C7234FB00182663 /* UIColor.swift in Sources */ = {isa = PBXBuildFile; fileRef = 0CB109331C7234FB00182663 /* UIColor.swift */; };
		0CB938831D1FE6DD005B81F4 /* StorageService.swift in Sources */ = {isa = PBXBuildFile; fileRef = 0CB938821D1FE6DD005B81F4 /* StorageService.swift */; };
		0CB9388D1D202832005B81F4 /* NextRoundNumberCell.swift in Sources */ = {isa = PBXBuildFile; fileRef = 0CB9388C1D202832005B81F4 /* NextRoundNumberCell.swift */; };
		0CB938911D20389C005B81F4 /* NextRoundGrid.swift in Sources */ = {isa = PBXBuildFile; fileRef = 0CB938901D20389C005B81F4 /* NextRoundGrid.swift */; };
		0CE682961D6DB46300CA5787 /* String.swift in Sources */ = {isa = PBXBuildFile; fileRef = 0CE682951D6DB46300CA5787 /* String.swift */; };
		0CF5C54B1D6F76C5006D46B8 /* Button.swift in Sources */ = {isa = PBXBuildFile; fileRef = 0CF5C54A1D6F76C5006D46B8 /* Button.swift */; };
		0CFDE5BA1D65B2E2001F9DF5 /* RuleExampleCell.swift in Sources */ = {isa = PBXBuildFile; fileRef = 0CFDE5B91D65B2E2001F9DF5 /* RuleExampleCell.swift */; };
		0CFDE5BC1D65B763001F9DF5 /* instructions.json in Resources */ = {isa = PBXBuildFile; fileRef = 0CFDE5BB1D65B763001F9DF5 /* instructions.json */; };
		4EA695801D36992E00F9A315 /* Menu.swift in Sources */ = {isa = PBXBuildFile; fileRef = 4EA6957F1D36992E00F9A315 /* Menu.swift */; };
		4EE46E201D22CD55005C4493 /* Matrix.swift in Sources */ = {isa = PBXBuildFile; fileRef = 4EE46E1F1D22CD55005C4493 /* Matrix.swift */; };
/* End PBXBuildFile section */

/* Begin PBXFileReference section */
		0C34638E1C6F89B30086D3CC /* GameNumberCell.swift */ = {isa = PBXFileReference; fileEncoding = 4; lastKnownFileType = sourcecode.swift; path = GameNumberCell.swift; sourceTree = "<group>"; };
		0C3463921C6F8C340086D3CC /* Pairing.swift */ = {isa = PBXFileReference; fileEncoding = 4; lastKnownFileType = sourcecode.swift; path = Pairing.swift; sourceTree = "<group>"; };
		0C392BC61D65E1D400294ACC /* SourceSansPro-Semibold.otf */ = {isa = PBXFileReference; lastKnownFileType = file; path = "SourceSansPro-Semibold.otf"; sourceTree = "<group>"; };
		0C392BC81D65E23500294ACC /* SourceSansPro-Regular.otf */ = {isa = PBXFileReference; lastKnownFileType = file; path = "SourceSansPro-Regular.otf"; sourceTree = "<group>"; };
		0C39D3071D3AB48B0047CE74 /* UIScrollView.swift */ = {isa = PBXFileReference; fileEncoding = 4; lastKnownFileType = sourcecode.swift; path = UIScrollView.swift; sourceTree = "<group>"; };
		0C39D3091D3BC3B90047CE74 /* Grid.swift */ = {isa = PBXFileReference; fileEncoding = 4; lastKnownFileType = sourcecode.swift; path = Grid.swift; sourceTree = "<group>"; };
		0C4F12601D65C58000AAEB54 /* RuleHeader.swift */ = {isa = PBXFileReference; fileEncoding = 4; lastKnownFileType = sourcecode.swift; path = RuleHeader.swift; sourceTree = "<group>"; };
		0C68BE7D1D3A4B3A00A6ACDC /* Instructions.swift */ = {isa = PBXFileReference; fileEncoding = 4; lastKnownFileType = sourcecode.swift; path = Instructions.swift; sourceTree = "<group>"; };
		0C69CE4A1C6DCABA002E0D29 /* Number.swift */ = {isa = PBXFileReference; fileEncoding = 4; lastKnownFileType = sourcecode.swift; path = Number.swift; sourceTree = "<group>"; };
		0C69CE4D1C6DCDE9002E0D29 /* Array.swift */ = {isa = PBXFileReference; fileEncoding = 4; lastKnownFileType = sourcecode.swift; path = Array.swift; sourceTree = "<group>"; };
		0C70C3FA1D7186F400A9E8B8 /* SoundService.swift */ = {isa = PBXFileReference; fileEncoding = 4; lastKnownFileType = sourcecode.swift; path = SoundService.swift; sourceTree = "<group>"; };
		0C70C4001D71B49F00A9E8B8 /* SourceSansPro-It.otf */ = {isa = PBXFileReference; lastKnownFileType = file; path = "SourceSansPro-It.otf"; sourceTree = "<group>"; };
		0C70C4021D71B4D200A9E8B8 /* InstructionsFooter.swift */ = {isa = PBXFileReference; fileEncoding = 4; lastKnownFileType = sourcecode.swift; path = InstructionsFooter.swift; sourceTree = "<group>"; };
		0C710E211D66012B0047F391 /* SwiftyJSON.framework */ = {isa = PBXFileReference; lastKnownFileType = wrapper.framework; name = SwiftyJSON.framework; path = Carthage/Build/iOS/SwiftyJSON.framework; sourceTree = "<group>"; };
		0C710E251D6721DA0047F391 /* RuleExampleGrid.swift */ = {isa = PBXFileReference; fileEncoding = 4; lastKnownFileType = sourcecode.swift; path = RuleExampleGrid.swift; sourceTree = "<group>"; };
		0C738AD71C69D811007C9548 /* Tenfold.app */ = {isa = PBXFileReference; explicitFileType = wrapper.application; includeInIndex = 0; path = Tenfold.app; sourceTree = BUILT_PRODUCTS_DIR; };
		0C738ADA1C69D811007C9548 /* AppDelegate.swift */ = {isa = PBXFileReference; lastKnownFileType = sourcecode.swift; path = AppDelegate.swift; sourceTree = "<group>"; };
		0C738ADC1C69D811007C9548 /* Play.swift */ = {isa = PBXFileReference; lastKnownFileType = sourcecode.swift; path = Play.swift; sourceTree = "<group>"; };
		0C738AE11C69D811007C9548 /* Assets.xcassets */ = {isa = PBXFileReference; lastKnownFileType = folder.assetcatalog; path = Assets.xcassets; sourceTree = "<group>"; };
		0C738AE61C69D811007C9548 /* Info.plist */ = {isa = PBXFileReference; lastKnownFileType = text.plist.xml; path = Info.plist; sourceTree = "<group>"; };
		0C90AE9D1C6C7F1D00E1E42E /* PureLayout.framework */ = {isa = PBXFileReference; lastKnownFileType = wrapper.framework; name = PureLayout.framework; path = Carthage/Build/iOS/PureLayout.framework; sourceTree = "<group>"; };
		0C90AE9F1C6C7FDF00E1E42E /* UIFont+Theme.swift */ = {isa = PBXFileReference; fileEncoding = 4; lastKnownFileType = sourcecode.swift; path = "UIFont+Theme.swift"; sourceTree = "<group>"; };
		0C90AEA41C6D1B0700E1E42E /* GameGrid.swift */ = {isa = PBXFileReference; fileEncoding = 4; lastKnownFileType = sourcecode.swift; path = GameGrid.swift; sourceTree = "<group>"; };
		0C90AEA61C6D1BCF00E1E42E /* Game.swift */ = {isa = PBXFileReference; fileEncoding = 4; lastKnownFileType = sourcecode.swift; path = Game.swift; sourceTree = "<group>"; };
		0CA050A71C6B23D9006A42B9 /* UIColor+Theme.swift */ = {isa = PBXFileReference; fileEncoding = 4; lastKnownFileType = sourcecode.swift; path = "UIColor+Theme.swift"; sourceTree = "<group>"; };
		0CADBDF11D6C50CB0090C13F /* Launch Screen.storyboard */ = {isa = PBXFileReference; fileEncoding = 4; lastKnownFileType = file.storyboard; path = "Launch Screen.storyboard"; sourceTree = "<group>"; };
		0CADBDF31D6C65110090C13F /* Notification.swift */ = {isa = PBXFileReference; fileEncoding = 4; lastKnownFileType = sourcecode.swift; path = Notification.swift; sourceTree = "<group>"; };
		0CADBDF51D6D92850090C13F /* GameFinished.swift */ = {isa = PBXFileReference; fileEncoding = 4; lastKnownFileType = sourcecode.swift; path = GameFinished.swift; sourceTree = "<group>"; };
		0CB109331C7234FB00182663 /* UIColor.swift */ = {isa = PBXFileReference; fileEncoding = 4; lastKnownFileType = sourcecode.swift; path = UIColor.swift; sourceTree = "<group>"; };
		0CB938821D1FE6DD005B81F4 /* StorageService.swift */ = {isa = PBXFileReference; fileEncoding = 4; lastKnownFileType = sourcecode.swift; path = StorageService.swift; sourceTree = "<group>"; };
		0CB9388C1D202832005B81F4 /* NextRoundNumberCell.swift */ = {isa = PBXFileReference; fileEncoding = 4; lastKnownFileType = sourcecode.swift; path = NextRoundNumberCell.swift; sourceTree = "<group>"; };
		0CB938901D20389C005B81F4 /* NextRoundGrid.swift */ = {isa = PBXFileReference; fileEncoding = 4; lastKnownFileType = sourcecode.swift; path = NextRoundGrid.swift; sourceTree = "<group>"; };
		0CE682951D6DB46300CA5787 /* String.swift */ = {isa = PBXFileReference; fileEncoding = 4; lastKnownFileType = sourcecode.swift; path = String.swift; sourceTree = "<group>"; };
		0CF5C54A1D6F76C5006D46B8 /* Button.swift */ = {isa = PBXFileReference; fileEncoding = 4; lastKnownFileType = sourcecode.swift; path = Button.swift; sourceTree = "<group>"; };
		0CFDE5B91D65B2E2001F9DF5 /* RuleExampleCell.swift */ = {isa = PBXFileReference; fileEncoding = 4; lastKnownFileType = sourcecode.swift; path = RuleExampleCell.swift; sourceTree = "<group>"; };
		0CFDE5BB1D65B763001F9DF5 /* instructions.json */ = {isa = PBXFileReference; fileEncoding = 4; lastKnownFileType = text.json; path = instructions.json; sourceTree = "<group>"; };
		4EA6957F1D36992E00F9A315 /* Menu.swift */ = {isa = PBXFileReference; fileEncoding = 4; lastKnownFileType = sourcecode.swift; path = Menu.swift; sourceTree = "<group>"; };
		4EE46E1F1D22CD55005C4493 /* Matrix.swift */ = {isa = PBXFileReference; fileEncoding = 4; lastKnownFileType = sourcecode.swift; path = Matrix.swift; sourceTree = "<group>"; };
/* End PBXFileReference section */

/* Begin PBXFrameworksBuildPhase section */
		0C738AD41C69D811007C9548 /* Frameworks */ = {
			isa = PBXFrameworksBuildPhase;
			buildActionMask = 2147483647;
			files = (
				0C90AE9E1C6C7F1D00E1E42E /* PureLayout.framework in Frameworks */,
				0C710E221D66012B0047F391 /* SwiftyJSON.framework in Frameworks */,
			);
			runOnlyForDeploymentPostprocessing = 0;
		};
/* End PBXFrameworksBuildPhase section */

/* Begin PBXGroup section */
		0C69CE4C1C6DCDDD002E0D29 /* Extensions */ = {
			isa = PBXGroup;
			children = (
				0C69CE4D1C6DCDE9002E0D29 /* Array.swift */,
				0CE682951D6DB46300CA5787 /* String.swift */,
				0CB109331C7234FB00182663 /* UIColor.swift */,
				0C39D3071D3AB48B0047CE74 /* UIScrollView.swift */,
			);
			name = Extensions;
			sourceTree = "<group>";
		};
		0C70C3F91D71846B00A9E8B8 /* Services */ = {
			isa = PBXGroup;
			children = (
				0C70C3FA1D7186F400A9E8B8 /* SoundService.swift */,
				0CB938821D1FE6DD005B81F4 /* StorageService.swift */,
			);
			name = Services;
			sourceTree = "<group>";
		};
		0C738ACE1C69D811007C9548 = {
			isa = PBXGroup;
			children = (
				0C738AD91C69D811007C9548 /* Tenfold */,
				0C738AD81C69D811007C9548 /* Products */,
				0C710E211D66012B0047F391 /* SwiftyJSON.framework */,
				0C90AE9D1C6C7F1D00E1E42E /* PureLayout.framework */,
			);
			sourceTree = "<group>";
		};
		0C738AD81C69D811007C9548 /* Products */ = {
			isa = PBXGroup;
			children = (
				0C738AD71C69D811007C9548 /* Tenfold.app */,
			);
			name = Products;
			sourceTree = "<group>";
		};
		0C738AD91C69D811007C9548 /* Tenfold */ = {
			isa = PBXGroup;
			children = (
				0C738AE11C69D811007C9548 /* Assets.xcassets */,
				0C69CE4C1C6DCDDD002E0D29 /* Extensions */,
				0C90AE991C6B29A700E1E42E /* Fonts */,
				0C90AEA81C6D1BD200E1E42E /* Models */,
				0C70C3F91D71846B00A9E8B8 /* Services */,
				0C90AEA31C6D1AE800E1E42E /* Screens */,
				0CA050A61C6B23AB006A42B9 /* Theming */,
				0C90AEA11C6D19AC00E1E42E /* UI Modules */,
				0C738ADA1C69D811007C9548 /* AppDelegate.swift */,
				0C738AE61C69D811007C9548 /* Info.plist */,
				0CFDE5BB1D65B763001F9DF5 /* instructions.json */,
				0CADBDF11D6C50CB0090C13F /* Launch Screen.storyboard */,
			);
			path = Tenfold;
			sourceTree = "<group>";
		};
		0C90AE991C6B29A700E1E42E /* Fonts */ = {
			isa = PBXGroup;
			children = (
				0C70C4001D71B49F00A9E8B8 /* SourceSansPro-It.otf */,
				0C392BC81D65E23500294ACC /* SourceSansPro-Regular.otf */,
				0C392BC61D65E1D400294ACC /* SourceSansPro-Semibold.otf */,
			);
			path = Fonts;
			sourceTree = "<group>";
		};
		0C90AEA11C6D19AC00E1E42E /* UI Modules */ = {
			isa = PBXGroup;
			children = (
				0CF5C54A1D6F76C5006D46B8 /* Button.swift */,
				0C90AEA41C6D1B0700E1E42E /* GameGrid.swift */,
				0C34638E1C6F89B30086D3CC /* GameNumberCell.swift */,
				0C39D3091D3BC3B90047CE74 /* Grid.swift */,
				0C70C4021D71B4D200A9E8B8 /* InstructionsFooter.swift */,
				4EA6957F1D36992E00F9A315 /* Menu.swift */,
				0CB938901D20389C005B81F4 /* NextRoundGrid.swift */,
				0CB9388C1D202832005B81F4 /* NextRoundNumberCell.swift */,
				0CADBDF31D6C65110090C13F /* Notification.swift */,
				0CFDE5B91D65B2E2001F9DF5 /* RuleExampleCell.swift */,
				0C710E251D6721DA0047F391 /* RuleExampleGrid.swift */,
				0C4F12601D65C58000AAEB54 /* RuleHeader.swift */,
			);
			name = "UI Modules";
			sourceTree = "<group>";
		};
		0C90AEA31C6D1AE800E1E42E /* Screens */ = {
			isa = PBXGroup;
			children = (
				0CADBDF51D6D92850090C13F /* GameFinished.swift */,
				0C68BE7D1D3A4B3A00A6ACDC /* Instructions.swift */,
				0C738ADC1C69D811007C9548 /* Play.swift */,
			);
			name = Screens;
			sourceTree = "<group>";
		};
		0C90AEA81C6D1BD200E1E42E /* Models */ = {
			isa = PBXGroup;
			children = (
				0C90AEA61C6D1BCF00E1E42E /* Game.swift */,
				4EE46E1F1D22CD55005C4493 /* Matrix.swift */,
				0C69CE4A1C6DCABA002E0D29 /* Number.swift */,
				0C3463921C6F8C340086D3CC /* Pairing.swift */,
			);
			name = Models;
			sourceTree = "<group>";
		};
		0CA050A61C6B23AB006A42B9 /* Theming */ = {
			isa = PBXGroup;
			children = (
				0CA050A71C6B23D9006A42B9 /* UIColor+Theme.swift */,
				0C90AE9F1C6C7FDF00E1E42E /* UIFont+Theme.swift */,
			);
			name = Theming;
			sourceTree = "<group>";
		};
/* End PBXGroup section */

/* Begin PBXNativeTarget section */
		0C738AD61C69D811007C9548 /* Tenfold */ = {
			isa = PBXNativeTarget;
			buildConfigurationList = 0C738AE91C69D811007C9548 /* Build configuration list for PBXNativeTarget "Tenfold" */;
			buildPhases = (
				0C738AD31C69D811007C9548 /* Sources */,
				0C738AD41C69D811007C9548 /* Frameworks */,
				0C738AD51C69D811007C9548 /* Resources */,
				0C90AE9C1C6C7E8700E1E42E /* ShellScript */,
			);
			buildRules = (
			);
			dependencies = (
			);
			name = Tenfold;
			productName = Tenfold;
			productReference = 0C738AD71C69D811007C9548 /* Tenfold.app */;
			productType = "com.apple.product-type.application";
		};
/* End PBXNativeTarget section */

/* Begin PBXProject section */
		0C738ACF1C69D811007C9548 /* Project object */ = {
			isa = PBXProject;
			attributes = {
				LastSwiftUpdateCheck = 0720;
				LastUpgradeCheck = 0720;
				ORGANIZATIONNAME = "Elise Hein";
				TargetAttributes = {
					0C738AD61C69D811007C9548 = {
						CreatedOnToolsVersion = 7.2;
						DevelopmentTeam = QG6ZMDD4VC;
					};
				};
			};
			buildConfigurationList = 0C738AD21C69D811007C9548 /* Build configuration list for PBXProject "Tenfold" */;
			compatibilityVersion = "Xcode 3.2";
			developmentRegion = English;
			hasScannedForEncodings = 0;
			knownRegions = (
				en,
				Base,
			);
			mainGroup = 0C738ACE1C69D811007C9548;
			productRefGroup = 0C738AD81C69D811007C9548 /* Products */;
			projectDirPath = "";
			projectRoot = "";
			targets = (
				0C738AD61C69D811007C9548 /* Tenfold */,
			);
		};
/* End PBXProject section */

/* Begin PBXResourcesBuildPhase section */
		0C738AD51C69D811007C9548 /* Resources */ = {
			isa = PBXResourcesBuildPhase;
			buildActionMask = 2147483647;
			files = (
				0C70C4011D71B4B700A9E8B8 /* SourceSansPro-It.otf in Resources */,
				0C392BC91D65E24600294ACC /* SourceSansPro-Regular.otf in Resources */,
				0C392BC71D65E1D800294ACC /* SourceSansPro-Semibold.otf in Resources */,
				0CFDE5BC1D65B763001F9DF5 /* instructions.json in Resources */,
				0C738AE21C69D811007C9548 /* Assets.xcassets in Resources */,
				0CADBDF21D6C50CB0090C13F /* Launch Screen.storyboard in Resources */,
			);
			runOnlyForDeploymentPostprocessing = 0;
		};
/* End PBXResourcesBuildPhase section */

/* Begin PBXShellScriptBuildPhase section */
		0C90AE9C1C6C7E8700E1E42E /* ShellScript */ = {
			isa = PBXShellScriptBuildPhase;
			buildActionMask = 2147483647;
			files = (
			);
			inputPaths = (
				"$(SRCROOT)/Carthage/Build/iOS/PureLayout.framework",
				"$(SRCROOT)/Carthage/Build/iOS/SwiftyJSON.framework",
			);
			outputPaths = (
			);
			runOnlyForDeploymentPostprocessing = 0;
			shellPath = /bin/sh;
			shellScript = "if which swiftlint >/dev/null; then\n  swiftlint\nelse\n  echo \"warning: SwiftLint not installed, download from https://github.com/realm/SwiftLint\"\nfi\n\n/usr/local/bin/carthage copy-frameworks";
		};
/* End PBXShellScriptBuildPhase section */

/* Begin PBXSourcesBuildPhase section */
		0C738AD31C69D811007C9548 /* Sources */ = {
			isa = PBXSourcesBuildPhase;
			buildActionMask = 2147483647;
			files = (
				0C39D30A1D3BC3B90047CE74 /* Grid.swift in Sources */,
				0C738ADD1C69D811007C9548 /* Play.swift in Sources */,
				0C69CE4B1C6DCABA002E0D29 /* Number.swift in Sources */,
				0C70C4031D71B4D200A9E8B8 /* InstructionsFooter.swift in Sources */,
				0C90AEA71C6D1BCF00E1E42E /* Game.swift in Sources */,
				0C39D3081D3AB48B0047CE74 /* UIScrollView.swift in Sources */,
				0C4F12611D65C58000AAEB54 /* RuleHeader.swift in Sources */,
				0C90AEA01C6C7FDF00E1E42E /* UIFont+Theme.swift in Sources */,
				0C90AEA51C6D1B0700E1E42E /* GameGrid.swift in Sources */,
				0C34638F1C6F89B30086D3CC /* GameNumberCell.swift in Sources */,
				0CADBDF61D6D92850090C13F /* GameFinished.swift in Sources */,
				0C69CE4E1C6DCDE9002E0D29 /* Array.swift in Sources */,
				0CF5C54B1D6F76C5006D46B8 /* Button.swift in Sources */,
				0C68BE7E1D3A4B3A00A6ACDC /* Instructions.swift in Sources */,
				0CB938911D20389C005B81F4 /* NextRoundGrid.swift in Sources */,
				4EE46E201D22CD55005C4493 /* Matrix.swift in Sources */,
				0CB938831D1FE6DD005B81F4 /* StorageService.swift in Sources */,
				0C70C3FB1D7186F400A9E8B8 /* SoundService.swift in Sources */,
				4EA695801D36992E00F9A315 /* Menu.swift in Sources */,
				0CB109341C7234FB00182663 /* UIColor.swift in Sources */,
				0CE682961D6DB46300CA5787 /* String.swift in Sources */,
				0CB9388D1D202832005B81F4 /* NextRoundNumberCell.swift in Sources */,
				0CA050A81C6B23D9006A42B9 /* UIColor+Theme.swift in Sources */,
				0CFDE5BA1D65B2E2001F9DF5 /* RuleExampleCell.swift in Sources */,
				0C738ADB1C69D811007C9548 /* AppDelegate.swift in Sources */,
				0CADBDF41D6C65110090C13F /* Notification.swift in Sources */,
				0C710E261D6721DA0047F391 /* RuleExampleGrid.swift in Sources */,
				0C3463931C6F8C340086D3CC /* Pairing.swift in Sources */,
			);
			runOnlyForDeploymentPostprocessing = 0;
		};
/* End PBXSourcesBuildPhase section */

/* Begin XCBuildConfiguration section */
		0C738AE71C69D811007C9548 /* Debug */ = {
			isa = XCBuildConfiguration;
			buildSettings = {
				ALWAYS_SEARCH_USER_PATHS = NO;
				CLANG_CXX_LANGUAGE_STANDARD = "gnu++0x";
				CLANG_CXX_LIBRARY = "libc++";
				CLANG_ENABLE_MODULES = YES;
				CLANG_ENABLE_OBJC_ARC = YES;
				CLANG_WARN_BOOL_CONVERSION = YES;
				CLANG_WARN_CONSTANT_CONVERSION = YES;
				CLANG_WARN_DIRECT_OBJC_ISA_USAGE = YES_ERROR;
				CLANG_WARN_EMPTY_BODY = YES;
				CLANG_WARN_ENUM_CONVERSION = YES;
				CLANG_WARN_INT_CONVERSION = YES;
				CLANG_WARN_OBJC_ROOT_CLASS = YES_ERROR;
				CLANG_WARN_UNREACHABLE_CODE = YES;
				CLANG_WARN__DUPLICATE_METHOD_MATCH = YES;
				"CODE_SIGN_IDENTITY[sdk=iphoneos*]" = "iPhone Developer";
				COPY_PHASE_STRIP = NO;
				DEBUG_INFORMATION_FORMAT = dwarf;
				ENABLE_STRICT_OBJC_MSGSEND = YES;
				ENABLE_TESTABILITY = YES;
				GCC_C_LANGUAGE_STANDARD = gnu99;
				GCC_DYNAMIC_NO_PIC = NO;
				GCC_NO_COMMON_BLOCKS = YES;
				GCC_OPTIMIZATION_LEVEL = 0;
				GCC_PREPROCESSOR_DEFINITIONS = (
					"DEBUG=1",
					"$(inherited)",
				);
				GCC_WARN_64_TO_32_BIT_CONVERSION = YES;
				GCC_WARN_ABOUT_RETURN_TYPE = YES_ERROR;
				GCC_WARN_UNDECLARED_SELECTOR = YES;
				GCC_WARN_UNINITIALIZED_AUTOS = YES_AGGRESSIVE;
				GCC_WARN_UNUSED_FUNCTION = YES;
				GCC_WARN_UNUSED_VARIABLE = YES;
				IPHONEOS_DEPLOYMENT_TARGET = 9.0;
				MTL_ENABLE_DEBUG_INFO = YES;
				ONLY_ACTIVE_ARCH = YES;
				SDKROOT = iphoneos;
				SWIFT_OPTIMIZATION_LEVEL = "-Onone";
			};
			name = Debug;
		};
		0C738AE81C69D811007C9548 /* Release */ = {
			isa = XCBuildConfiguration;
			buildSettings = {
				ALWAYS_SEARCH_USER_PATHS = NO;
				CLANG_CXX_LANGUAGE_STANDARD = "gnu++0x";
				CLANG_CXX_LIBRARY = "libc++";
				CLANG_ENABLE_MODULES = YES;
				CLANG_ENABLE_OBJC_ARC = YES;
				CLANG_WARN_BOOL_CONVERSION = YES;
				CLANG_WARN_CONSTANT_CONVERSION = YES;
				CLANG_WARN_DIRECT_OBJC_ISA_USAGE = YES_ERROR;
				CLANG_WARN_EMPTY_BODY = YES;
				CLANG_WARN_ENUM_CONVERSION = YES;
				CLANG_WARN_INT_CONVERSION = YES;
				CLANG_WARN_OBJC_ROOT_CLASS = YES_ERROR;
				CLANG_WARN_UNREACHABLE_CODE = YES;
				CLANG_WARN__DUPLICATE_METHOD_MATCH = YES;
				"CODE_SIGN_IDENTITY[sdk=iphoneos*]" = "iPhone Developer";
				COPY_PHASE_STRIP = NO;
				DEBUG_INFORMATION_FORMAT = "dwarf-with-dsym";
				ENABLE_NS_ASSERTIONS = NO;
				ENABLE_STRICT_OBJC_MSGSEND = YES;
				GCC_C_LANGUAGE_STANDARD = gnu99;
				GCC_NO_COMMON_BLOCKS = YES;
				GCC_WARN_64_TO_32_BIT_CONVERSION = YES;
				GCC_WARN_ABOUT_RETURN_TYPE = YES_ERROR;
				GCC_WARN_UNDECLARED_SELECTOR = YES;
				GCC_WARN_UNINITIALIZED_AUTOS = YES_AGGRESSIVE;
				GCC_WARN_UNUSED_FUNCTION = YES;
				GCC_WARN_UNUSED_VARIABLE = YES;
				IPHONEOS_DEPLOYMENT_TARGET = 9.0;
				MTL_ENABLE_DEBUG_INFO = NO;
				SDKROOT = iphoneos;
				VALIDATE_PRODUCT = YES;
			};
			name = Release;
		};
		0C738AEA1C69D811007C9548 /* Debug */ = {
			isa = XCBuildConfiguration;
			buildSettings = {
				ASSETCATALOG_COMPILER_APPICON_NAME = AppIcon;
				CODE_SIGN_IDENTITY = "iPhone Developer";
				"CODE_SIGN_IDENTITY[sdk=iphoneos*]" = "iPhone Developer";
				FRAMEWORK_SEARCH_PATHS = (
					"$(inherited)",
					"$(PROJECT_DIR)/Carthage/Build/iOS",
				);
				INFOPLIST_FILE = Tenfold/Info.plist;
				IPHONEOS_DEPLOYMENT_TARGET = 9.0;
				LD_RUNPATH_SEARCH_PATHS = "$(inherited) @executable_path/Frameworks";
				PRODUCT_BUNDLE_IDENTIFIER = elisehein.Tenfold;
				PRODUCT_NAME = Tenfold;
				PROVISIONING_PROFILE = "";
				TARGETED_DEVICE_FAMILY = "1,2";
			};
			name = Debug;
		};
		0C738AEB1C69D811007C9548 /* Release */ = {
			isa = XCBuildConfiguration;
			buildSettings = {
				ASSETCATALOG_COMPILER_APPICON_NAME = AppIcon;
				CODE_SIGN_IDENTITY = "iPhone Developer";
				"CODE_SIGN_IDENTITY[sdk=iphoneos*]" = "iPhone Developer";
				FRAMEWORK_SEARCH_PATHS = (
					"$(inherited)",
					"$(PROJECT_DIR)/Carthage/Build/iOS",
				);
				INFOPLIST_FILE = Tenfold/Info.plist;
				IPHONEOS_DEPLOYMENT_TARGET = 9.0;
				LD_RUNPATH_SEARCH_PATHS = "$(inherited) @executable_path/Frameworks";
				PRODUCT_BUNDLE_IDENTIFIER = elisehein.Tenfold;
				PRODUCT_NAME = Tenfold;
				PROVISIONING_PROFILE = "";
				TARGETED_DEVICE_FAMILY = "1,2";
			};
			name = Release;
		};
/* End XCBuildConfiguration section */

/* Begin XCConfigurationList section */
		0C738AD21C69D811007C9548 /* Build configuration list for PBXProject "Tenfold" */ = {
			isa = XCConfigurationList;
			buildConfigurations = (
				0C738AE71C69D811007C9548 /* Debug */,
				0C738AE81C69D811007C9548 /* Release */,
			);
			defaultConfigurationIsVisible = 0;
			defaultConfigurationName = Release;
		};
		0C738AE91C69D811007C9548 /* Build configuration list for PBXNativeTarget "Tenfold" */ = {
			isa = XCConfigurationList;
			buildConfigurations = (
				0C738AEA1C69D811007C9548 /* Debug */,
				0C738AEB1C69D811007C9548 /* Release */,
			);
			defaultConfigurationIsVisible = 0;
			defaultConfigurationName = Release;
		};
/* End XCConfigurationList section */
	};
	rootObject = 0C738ACF1C69D811007C9548 /* Project object */;
}
